# Stable display numbers. Generated by `tips generate`; never reuse one.
stopwatch-measure-time: 1
column-row-spacing: 2
future-provider-future: 3
context-mounted-async-gaps: 4
sealed-class-result: 5
provider-anatomy: 6
mediaquery-sizeof: 7
switch-on-records: 8
ref-watch-read-listen: 9
records-multiple-returns: 10
sizedbox-shrink: 11
which-provider: 12
destructure-lists: 13
async-value-widget: 14
intrinsic-width: 15
future-wait-records: 16
replace-container: 17
async-value-guard: 18
extension-types: 19
app-lifecycle-listener: 20
null-aware-elements: 21
notifier-with-arguments: 22
selection-area: 23
first-or-null: 24
require-value-async-init: 25
determinate-progress: 26
notifier-replaces-state-notifier: 27
json-pattern-matching: 28
elevated-button-style: 29
ref-mounted: 30
